
Microsoft Visual Studio Solution File, Format Version 11.00
# Visual Studio 2010
Project("{FAE04EC0-301F-11D3-BF4B-00C04F79EFBC}") = "ProScanMobile+", "ProScanMobile+\ProScanMobile+.csproj", "{C6732DD1-E4F5-448D-B843-172CA145B3BB}"
EndProject
Global
	GlobalSection(SolutionConfigurationPlatforms) = preSolution
		Debug|iPhoneSimulator = Debug|iPhoneSimulator
		Release|iPhoneSimulator = Release|iPhoneSimulator
		Debug|iPhone = Debug|iPhone
		Release|iPhone = Release|iPhone
		Ad-Hoc|iPhone = Ad-Hoc|iPhone
		AppStore|iPhone = AppStore|iPhone
	EndGlobalSection
	GlobalSection(ProjectConfigurationPlatforms) = postSolution
		{C6732DD1-E4F5-448D-B843-172CA145B3BB}.Ad-Hoc|iPhone.ActiveCfg = Ad-Hoc|iPhone
		{C6732DD1-E4F5-448D-B843-172CA145B3BB}.Ad-Hoc|iPhone.Build.0 = Ad-Hoc|iPhone
		{C6732DD1-E4F5-448D-B843-172CA145B3BB}.AppStore|iPhone.ActiveCfg = AppStore|iPhone
		{C6732DD1-E4F5-448D-B843-172CA145B3BB}.AppStore|iPhone.Build.0 = AppStore|iPhone
		{C6732DD1-E4F5-448D-B843-172CA145B3BB}.Debug|iPhone.ActiveCfg = Debug|iPhone
		{C6732DD1-E4F5-448D-B843-172CA145B3BB}.Debug|iPhone.Build.0 = Debug|iPhone
		{C6732DD1-E4F5-448D-B843-172CA145B3BB}.Debug|iPhoneSimulator.ActiveCfg = Debug|iPhoneSimulator
		{C6732DD1-E4F5-448D-B843-172CA145B3BB}.Debug|iPhoneSimulator.Build.0 = Debug|iPhoneSimulator
		{C6732DD1-E4F5-448D-B843-172CA145B3BB}.Release|iPhone.ActiveCfg = Release|iPhone
		{C6732DD1-E4F5-448D-B843-172CA145B3BB}.Release|iPhone.Build.0 = Release|iPhone
		{C6732DD1-E4F5-448D-B843-172CA145B3BB}.Release|iPhoneSimulator.ActiveCfg = Release|iPhoneSimulator
		{C6732DD1-E4F5-448D-B843-172CA145B3BB}.Release|iPhoneSimulator.Build.0 = Release|iPhoneSimulator
	EndGlobalSection
	GlobalSection(MonoDevelopProperties) = preSolution
		StartupItem = ProScanMobile+\ProScanMobile+.csproj
	EndGlobalSection
EndGlobal
